
Microsoft Visual Studio Solution File, Format Version 12.00
# Visual Studio Version 17
VisualStudioVersion = 17.13.35919.96 d17.13
MinimumVisualStudioVersion = 10.0.40219.1
Project("{FAE04EC0-301F-11D3-BF4B-00C04F79EFBC}") = "DU_CLI", "DU_CLI\DU_CLI.csproj", "{EC040D81-5F8B-4F21-A560-23C35BBB0F58}"
EndProject
Global
	GlobalSection(SolutionConfigurationPlatforms) = preSolution
		Debug|Any CPU = Debug|Any CPU
		Release|Any CPU = Release|Any CPU
	EndGlobalSection
	GlobalSection(ProjectConfigurationPlatforms) = postSolution
		{EC040D81-5F8B-4F21-A560-23C35BBB0F58}.Debug|Any CPU.ActiveCfg = Debug|Any CPU
		{EC040D81-5F8B-4F21-A560-23C35BBB0F58}.Debug|Any CPU.Build.0 = Debug|Any CPU
		{EC040D81-5F8B-4F21-A560-23C35BBB0F58}.Release|Any CPU.ActiveCfg = Release|Any CPU
		{EC040D81-5F8B-4F21-A560-23C35BBB0F58}.Release|Any CPU.Build.0 = Release|Any CPU
	EndGlobalSection
	GlobalSection(SolutionProperties) = preSolution
		HideSolutionNode = FALSE
	EndGlobalSection
	GlobalSection(ExtensibilityGlobals) = postSolution
		SolutionGuid = {CBE3CB06-A4A8-4C37-916E-7251F16CB466}
	EndGlobalSection
EndGlobal
